
Microsoft Visual Studio Solution File, Format Version 12.00
# Visual Studio Version 16
VisualStudioVersion = 16.0.30711.63
MinimumVisualStudioVersion = 10.0.40219.1
Project("{FAE04EC0-301F-11D3-BF4B-00C04F79EFBC}") = "SampleGraphQL.Web", "SampleGraphQL.Web\SampleGraphQL.Web.csproj", "{FFE5EEF0-33B0-48F5-B835-E9E9AF18BAB4}"
EndProject
Project("{FAE04EC0-301F-11D3-BF4B-00C04F79EFBC}") = "SampleGraphQL.Web.UI", "SampleGraphQL.Web.UI\SampleGraphQL.Web.UI.csproj", "{921357F0-A81D-4878-8F0A-5342D87DD6BB}"
EndProject
Global
	GlobalSection(SolutionConfigurationPlatforms) = preSolution
		Debug|Any CPU = Debug|Any CPU
		Release|Any CPU = Release|Any CPU
	EndGlobalSection
	GlobalSection(ProjectConfigurationPlatforms) = postSolution
		{FFE5EEF0-33B0-48F5-B835-E9E9AF18BAB4}.Debug|Any CPU.ActiveCfg = Debug|Any CPU
		{FFE5EEF0-33B0-48F5-B835-E9E9AF18BAB4}.Debug|Any CPU.Build.0 = Debug|Any CPU
		{FFE5EEF0-33B0-48F5-B835-E9E9AF18BAB4}.Release|Any CPU.ActiveCfg = Release|Any CPU
		{FFE5EEF0-33B0-48F5-B835-E9E9AF18BAB4}.Release|Any CPU.Build.0 = Release|Any CPU
		{921357F0-A81D-4878-8F0A-5342D87DD6BB}.Debug|Any CPU.ActiveCfg = Debug|Any CPU
		{921357F0-A81D-4878-8F0A-5342D87DD6BB}.Debug|Any CPU.Build.0 = Debug|Any CPU
		{921357F0-A81D-4878-8F0A-5342D87DD6BB}.Release|Any CPU.ActiveCfg = Release|Any CPU
		{921357F0-A81D-4878-8F0A-5342D87DD6BB}.Release|Any CPU.Build.0 = Release|Any CPU
	EndGlobalSection
	GlobalSection(SolutionProperties) = preSolution
		HideSolutionNode = FALSE
	EndGlobalSection
	GlobalSection(ExtensibilityGlobals) = postSolution
		SolutionGuid = {A0E8D932-41C0-4623-BDBD-48AAB05B89B5}
	EndGlobalSection
EndGlobal
